Microsoft Visual Studio Solution File, Format Version 11.00
# Visual Studio 2008

Project("{C8B0DD22-1A1C-6713-1D20-8CFA5391C008}") = "Shadowmap", "Assembly-CSharp.csproj", "{31835A50-8670-3670-F188-AD5F4109894D}"
EndProject
Global
	GlobalSection(SolutionConfigurationPlatforms) = preSolution
		Debug|Any CPU = Debug|Any CPU
		Release|Any CPU = Release|Any CPU
	EndGlobalSection
	GlobalSection(ProjectConfigurationPlatforms) = postSolution
		{31835A50-8670-3670-F188-AD5F4109894D}.Debug|Any CPU.ActiveCfg = Debug|Any CPU
		{31835A50-8670-3670-F188-AD5F4109894D}.Debug|Any CPU.Build.0 = Debug|Any CPU
		{31835A50-8670-3670-F188-AD5F4109894D}.Release|Any CPU.ActiveCfg = Release|Any CPU
		{31835A50-8670-3670-F188-AD5F4109894D}.Release|Any CPU.Build.0 = Release|Any CPU
	EndGlobalSection
	GlobalSection(SolutionProperties) = preSolution
		HideSolutionNode = FALSE
	EndGlobalSection
	GlobalSection(MonoDevelopProperties) = preSolution
		StartupItem = Assembly-CSharp.csproj
	EndGlobalSection
EndGlobal
